
Microsoft Visual Studio Solution File, Format Version 12.00
# Visual Studio Version 17
VisualStudioVersion = 17.3.32901.215
MinimumVisualStudioVersion = 10.0.40219.1
Project("{9A19103F-16F7-4668-BE54-9A1E7A4F7556}") = "SequenceAssemblerLogic", "ImportData\SequenceAssemblerLogic.csproj", "{EA502617-CD9A-4615-8E4C-63D7145624CC}"
EndProject
Project("{9A19103F-16F7-4668-BE54-9A1E7A4F7556}") = "SequenceAssemblerGUI", "SequenceAssemblerGUI\SequenceAssemblerGUI.csproj", "{7ECAE1C9-08FC-4D2A-BBFF-71690F897093}"
EndProject
Global
	GlobalSection(SolutionConfigurationPlatforms) = preSolution
		Debug|Any CPU = Debug|Any CPU
		Release|Any CPU = Release|Any CPU
	EndGlobalSection
	GlobalSection(ProjectConfigurationPlatforms) = postSolution
		{EA502617-CD9A-4615-8E4C-63D7145624CC}.Debug|Any CPU.ActiveCfg = Debug|Any CPU
		{EA502617-CD9A-4615-8E4C-63D7145624CC}.Debug|Any CPU.Build.0 = Debug|Any CPU
		{EA502617-CD9A-4615-8E4C-63D7145624CC}.Release|Any CPU.ActiveCfg = Release|Any CPU
		{EA502617-CD9A-4615-8E4C-63D7145624CC}.Release|Any CPU.Build.0 = Release|Any CPU
		{7ECAE1C9-08FC-4D2A-BBFF-71690F897093}.Debug|Any CPU.ActiveCfg = Debug|Any CPU
		{7ECAE1C9-08FC-4D2A-BBFF-71690F897093}.Debug|Any CPU.Build.0 = Debug|Any CPU
		{7ECAE1C9-08FC-4D2A-BBFF-71690F897093}.Release|Any CPU.ActiveCfg = Release|Any CPU
		{7ECAE1C9-08FC-4D2A-BBFF-71690F897093}.Release|Any CPU.Build.0 = Release|Any CPU
	EndGlobalSection
	GlobalSection(SolutionProperties) = preSolution
		HideSolutionNode = FALSE
	EndGlobalSection
	GlobalSection(ExtensibilityGlobals) = postSolution
		SolutionGuid = {CF1C7ABB-4C27-4B15-828B-742B32E3E5B5}
	EndGlobalSection
EndGlobal
